<?xml version="1.0" encoding="utf-8"?>
<Project ToolsVersion="4.0" xmlns="http://schemas.microsoft.com/developer/msbuild/2003">
  <ItemGroup>
    <ClCompile Include="j1Window.cpp">
      <Filter>Desenvolupament  ========\Modules</Filter>
    </ClCompile>
    <ClCompile Include="j1Audio.cpp">
      <Filter>Desenvolupament  ========\Modules</Filter>
    </ClCompile>
    <ClCompile Include="j1App.cpp">
      <Filter>Desenvolupament  ========</Filter>
    </ClCompile>
    <ClCompile Include="j1Input.cpp">
      <Filter>Desenvolupament  ========\Modules</Filter>
    </ClCompile>
    <ClCompile Include="j1Main.cpp">
      <Filter>Desenvolupament  ========</Filter>
    </ClCompile>
    <ClCompile Include="j1Render.cpp">
      <Filter>Desenvolupament  ========\Modules</Filter>
    </ClCompile>
    <ClCompile Include="j1Textures.cpp">
      <Filter>Desenvolupament  ========\Modules</Filter>
    </ClCompile>
    <ClCompile Include="p2Log.cpp">
      <Filter>P2/Quadtree ===========</Filter>
    </ClCompile>
    <ClCompile Include="j1Scene.cpp">
      <Filter>Desenvolupament  ========\Scenes</Filter>
    </ClCompile>
    <ClCompile Include="j1FileSystem.cpp">
      <Filter>Desenvolupament  ========\Modules</Filter>
    </ClCompile>
    <ClCompile Include="PugiXml\src\pugixml.cpp">
      <Filter>Desenvolupament  ========\Tools\PuguiXML</Filter>
    </ClCompile>
    <ClCompile Include="j1Map.cpp">
      <Filter>Desenvolupament  ========\Modules</Filter>
    </ClCompile>
    <ClCompile Include="j1Pathfinding.cpp">
      <Filter>Desenvolupament  ========\Modules</Filter>
    </ClCompile>
    <ClCompile Include="j1Timer.cpp">
      <Filter>Desenvolupament  ========\Tools</Filter>
    </ClCompile>
    <ClCompile Include="j1PerfTimer.cpp">
      <Filter>Desenvolupament  ========\Tools</Filter>
    </ClCompile>
    <ClCompile Include="j1Fonts.cpp">
      <Filter>Desenvolupament  ========\Modules</Filter>
    </ClCompile>
    <ClCompile Include="j1Gui.cpp">
      <Filter>Desenvolupament  ========\Modules</Filter>
    </ClCompile>
    <ClCompile Include="j1Player.cpp">
      <Filter>Desenvolupament  ========\Modules</Filter>
    </ClCompile>
    <ClCompile Include="P_Link.cpp">
      <Filter>Desenvolupament  ========\L&amp;Z</Filter>
    </ClCompile>
    <ClCompile Include="P_Zelda.cpp">
      <Filter>Desenvolupament  ========\L&amp;Z</Filter>
    </ClCompile>
    <ClCompile Include="Character.cpp">
      <Filter>Desenvolupament  ========\L&amp;Z</Filter>
    </ClCompile>
    <ClCompile Include="Move.cpp">
      <Filter>Desenvolupament  ========\L&amp;Z</Filter>
    </ClCompile>
    <ClCompile Include="Gui.cpp">
      <Filter>Desenvolupament  ========\GUI</Filter>
    </ClCompile>
    <ClCompile Include="GuiBar.cpp">
      <Filter>Desenvolupament  ========\GUI</Filter>
    </ClCompile>
    <ClCompile Include="GuiButton.cpp">
      <Filter>Desenvolupament  ========\GUI</Filter>
    </ClCompile>
    <ClCompile Include="GuiCheck.cpp">
      <Filter>Desenvolupament  ========\GUI</Filter>
    </ClCompile>
    <ClCompile Include="GuiImage.cpp">
      <Filter>Desenvolupament  ========\GUI</Filter>
    </ClCompile>
    <ClCompile Include="GuiInputText.cpp">
      <Filter>Desenvolupament  ========\GUI</Filter>
    </ClCompile>
    <ClCompile Include="GuiLabel.cpp">
      <Filter>Desenvolupament  ========\GUI</Filter>
    </ClCompile>
    <ClCompile Include="GuiScrollBar.cpp">
      <Filter>Desenvolupament  ========\GUI</Filter>
    </ClCompile>
    <ClCompile Include="GuiViewport.cpp">
      <Filter>Desenvolupament  ========\GUI</Filter>
    </ClCompile>
    <ClCompile Include="GuiWindow.cpp">
      <Filter>Desenvolupament  ========\GUI</Filter>
    </ClCompile>
    <ClCompile Include="Color.cpp">
      <Filter>Desenvolupament  ========\GUI\Color</Filter>
    </ClCompile>
    <ClCompile Include="ConsoleCommandCVar.cpp">
      <Filter>Desenvolupament  ========\GUI\Console</Filter>
    </ClCompile>
    <ClCompile Include="j1Console.cpp">
      <Filter>Desenvolupament  ========\Modules</Filter>
    </ClCompile>
    <ClCompile Include="j1FadeToBlack.cpp">
      <Filter>Desenvolupament  ========\ToCheckAnim/Fadetoblack</Filter>
    </ClCompile>
    <ClCompile Include="j1Camera.cpp">
      <Filter>Desenvolupament  ========\Modules</Filter>
    </ClCompile>
    <ClCompile Include="j1InputManager.cpp">
      <Filter>Desenvolupament  ========\Modules</Filter>
    </ClCompile>
    <ClCompile Include="j1Collision.cpp">
      <Filter>Desenvolupament  ========\Modules</Filter>
    </ClCompile>
    <ClCompile Include="j1Object.cpp">
      <Filter>Desenvolupament  ========\Entity</Filter>
    </ClCompile>
    <ClCompile Include="S_MainMenu.cpp">
      <Filter>Desenvolupament  ========\Scenes\GUI\Main Menu</Filter>
    </ClCompile>
    <ClCompile Include="j1Enemy.cpp">
      <Filter>Desenvolupament  ========\Entity</Filter>
    </ClCompile>
    <ClCompile Include="S_QuitGame.cpp">
      <Filter>Desenvolupament  ========\Scenes\GUI\Main Menu</Filter>
    </ClCompile>
    <ClCompile Include="Green_Enemy.cpp">
      <Filter>Desenvolupament  ========\Entity\Enemy</Filter>
    </ClCompile>
    <ClCompile Include="S_Options.cpp">
      <Filter>Desenvolupament  ========\Scenes\GUI\Main Menu\Options</Filter>
    </ClCompile>
    <ClCompile Include="S_OptionsAudio.cpp">
      <Filter>Desenvolupament  ========\Scenes\GUI\Main Menu\Options</Filter>
    </ClCompile>
    <ClCompile Include="S_OptionsControls.cpp">
      <Filter>Desenvolupament  ========\Scenes\GUI\Main Menu\Options</Filter>
    </ClCompile>
    <ClCompile Include="S_OptionsVideo.cpp">
      <Filter>Desenvolupament  ========\Scenes\GUI\Main Menu\Options</Filter>
    </ClCompile>
    <ClCompile Include="S_OptionsGameplay.cpp">
      <Filter>Desenvolupament  ========\Scenes\GUI\Main Menu\Options</Filter>
    </ClCompile>
    <ClCompile Include="j1HUD.cpp">
      <Filter>Desenvolupament  ========\Scenes\GUI\HUD</Filter>
    </ClCompile>
    <ClCompile Include="S_Campaign.cpp">
      <Filter>Desenvolupament  ========\Scenes\GUI\Main Menu\Campain</Filter>
    </ClCompile>
    <ClCompile Include="j1GameStartMenuBack.cpp">
      <Filter>Desenvolupament  ========\Scenes\GUI\Main Menu</Filter>
    </ClCompile>
    <ClCompile Include="S_InGameMenu.cpp">
      <Filter>Desenvolupament  ========\Scenes\GUI\In-Game Menu</Filter>
    </ClCompile>
    <ClCompile Include="S_End.cpp">
      <Filter>Desenvolupament  ========\Scenes</Filter>
    </ClCompile>
    <ClCompile Include="MainScene.cpp">
      <Filter>Desenvolupament  ========\Scenes</Filter>
    </ClCompile>
    <ClCompile Include="j1DialogueManager.cpp">
      <Filter>Desenvolupament  ========\Modules</Filter>
    </ClCompile>
    <ClCompile Include="ChampionSoldier_Enemy.cpp">
      <Filter>Desenvolupament  ========\Entity\Enemy</Filter>
    </ClCompile>
    <ClCompile Include="HyruleBombSoldier_Enemy.cpp">
      <Filter>Desenvolupament  ========\Entity\Enemy</Filter>
    </ClCompile>
    <ClCompile Include="Boss.cpp">
      <Filter>Desenvolupament  ========\Entity\Enemy</Filter>
    </ClCompile>
    <ClCompile Include="S_Temporal_Boss_Room.cpp">
      <Filter>Desenvolupament  ========\Scenes</Filter>
    </ClCompile>
    <ClCompile Include="SDLQuadtree.cpp">
      <Filter>P2/Quadtree ===========</Filter>
    </ClCompile>
    <ClCompile Include="S_World.cpp">
      <Filter>Desenvolupament  ========\Scenes\Tutorial</Filter>
    </ClCompile>
    <ClCompile Include="S_ColourPuzzle.cpp">
      <Filter>Desenvolupament  ========\Scenes\Dungeon</Filter>
    </ClCompile>
    <ClCompile Include="Statue_Enemy.cpp">
      <Filter>Desenvolupament  ========\Entity\Enemy</Filter>
    </ClCompile>
    <ClCompile Include="Enemy_Test_Scene.cpp">
      <Filter>Desenvolupament  ========\Scenes</Filter>
    </ClCompile>
    <ClCompile Include="Rope_Enemy.cpp">
      <Filter>Desenvolupament  ========\Entity\Enemy</Filter>
    </ClCompile>
    <ClCompile Include="Particle.cpp">
      <Filter>Desenvolupament  ========\Particles</Filter>
    </ClCompile>
    <ClCompile Include="Particle_Explosion.cpp">
      <Filter>Desenvolupament  ========\Particles</Filter>
    </ClCompile>
    <ClCompile Include="Particle_Fire.cpp">
      <Filter>Desenvolupament  ========\Particles</Filter>
    </ClCompile>
    <ClCompile Include="Particle_Firework.cpp">
      <Filter>Desenvolupament  ========\Particles</Filter>
    </ClCompile>
    <ClCompile Include="Particle_Follow.cpp">
      <Filter>Desenvolupament  ========\Particles</Filter>
    </ClCompile>
    <ClCompile Include="ParticleManager.cpp">
      <Filter>Desenvolupament  ========\Particles</Filter>
    </ClCompile>
    <ClCompile Include="S_Dungeon_Entry.cpp">
      <Filter>Desenvolupament  ========\Scenes\Dungeon</Filter>
    </ClCompile>
    <ClCompile Include="S_Dungeon_Right_Up.cpp">
      <Filter>Desenvolupament  ========\Scenes\Dungeon</Filter>
    </ClCompile>
    <ClCompile Include="S_Dungeon_Right_Down.cpp">
      <Filter>Desenvolupament  ========\Scenes\Dungeon</Filter>
    </ClCompile>
    <ClCompile Include="S_Dungeon_SecondFloor_Centre.cpp">
      <Filter>Desenvolupament  ========\Scenes\Dungeon</Filter>
    </ClCompile>
    <ClCompile Include="S_Dungeon_SecondFloor_Right.cpp">
      <Filter>Desenvolupament  ========\Scenes\Dungeon</Filter>
    </ClCompile>
    <ClCompile Include="SkullRopes_Enemy.cpp">
      <Filter>Desenvolupament  ========\Entity\Enemy</Filter>
    </ClCompile>
    <ClCompile Include="Rat_Enemy.cpp">
      <Filter>Desenvolupament  ========\Entity\Enemy</Filter>
    </ClCompile>
    <ClCompile Include="Bat_Enemy.cpp">
      <Filter>Desenvolupament  ========\Entity\Enemy</Filter>
    </ClCompile>
    <ClCompile Include="j1CutSceneManager.cpp">
      <Filter>Desenvolupament  ========\Modules</Filter>
    </ClCompile>
    <ClCompile Include="S_BeforeDungeon.cpp">
      <Filter>Desenvolupament  ========\Scenes\Dungeon</Filter>
    </ClCompile>
    <ClCompile Include="S_Credits.cpp">
      <Filter>Desenvolupament  ========\Scenes\GUI\Main Menu\Credits</Filter>
    </ClCompile>
    <ClCompile Include="S_SecretExit.cpp">
      <Filter>Desenvolupament  ========\Scenes\World</Filter>
    </ClCompile>
    <ClCompile Include="S_Village.cpp">
      <Filter>Desenvolupament  ========\Scenes\World</Filter>
    </ClCompile>
    <ClCompile Include="S_Forest.cpp">
      <Filter>Desenvolupament  ========\Scenes\World</Filter>
    </ClCompile>
    <ClCompile Include="Video.cpp">
      <Filter>Desenvolupament  ========\Modules\Video</Filter>
    </ClCompile>
    <ClCompile Include="theoraplay.c">
      <Filter>Desenvolupament  ========\Modules\Video</Filter>
    </ClCompile>
    <ClCompile Include="S_VideoIntro.cpp">
      <Filter>Desenvolupament  ========\Scenes\Video Intro</Filter>
    </ClCompile>
    <ClCompile Include="S_House_1.cpp">
      <Filter>Desenvolupament  ========\Scenes\Houses</Filter>
    </ClCompile>
    <ClCompile Include="S_House_2.cpp">
      <Filter>Desenvolupament  ========\Scenes\Houses</Filter>
    </ClCompile>
    <ClCompile Include="S_House_3.cpp">
      <Filter>Desenvolupament  ========\Scenes\Houses</Filter>
    </ClCompile>
    <ClCompile Include="S_Ric_House.cpp">
      <Filter>Desenvolupament  ========\Scenes\Houses</Filter>
    </ClCompile>
    <ClCompile Include="S_CastleCutScene.cpp">
      <Filter>Desenvolupament  ========\Scenes</Filter>
    </ClCompile>
  </ItemGroup>
  <ItemGroup>
    <ClInclude Include="j1Window.h">
      <Filter>Desenvolupament  ========\Modules</Filter>
    </ClInclude>
    <ClInclude Include="j1Audio.h">
      <Filter>Desenvolupament  ========\Modules</Filter>
    </ClInclude>
    <ClInclude Include="j1App.h">
      <Filter>Desenvolupament  ========</Filter>
    </ClInclude>
    <ClInclude Include="j1Input.h">
      <Filter>Desenvolupament  ========\Modules</Filter>
    </ClInclude>
    <ClInclude Include="j1Module.h">
      <Filter>Desenvolupament  ========</Filter>
    </ClInclude>
    <ClInclude Include="j1Render.h">
      <Filter>Desenvolupament  ========\Modules</Filter>
    </ClInclude>
    <ClInclude Include="j1Textures.h">
      <Filter>Desenvolupament  ========\Modules</Filter>
    </ClInclude>
    <ClInclude Include="p2Defs.h">
      <Filter>P2/Quadtree ===========</Filter>
    </ClInclude>
    <ClInclude Include="p2Log.h">
      <Filter>P2/Quadtree ===========</Filter>
    </ClInclude>
    <ClInclude Include="p2Point.h">
      <Filter>P2/Quadtree ===========</Filter>
    </ClInclude>
    <ClInclude Include="j1Scene.h">
      <Filter>Desenvolupament  ========\Scenes</Filter>
    </ClInclude>
    <ClInclude Include="j1FileSystem.h">
      <Filter>Desenvolupament  ========\Modules</Filter>
    </ClInclude>
    <ClInclude Include="PugiXml\src\pugiconfig.hpp">
      <Filter>Desenvolupament  ========\Tools\PuguiXML</Filter>
    </ClInclude>
    <ClInclude Include="PugiXml\src\pugixml.hpp">
      <Filter>Desenvolupament  ========\Tools\PuguiXML</Filter>
    </ClInclude>
    <ClInclude Include="j1Map.h">
      <Filter>Desenvolupament  ========\Modules</Filter>
    </ClInclude>
    <ClInclude Include="j1Pathfinding.h">
      <Filter>Desenvolupament  ========\Modules</Filter>
    </ClInclude>
    <ClInclude Include="j1Timer.h">
      <Filter>Desenvolupament  ========\Tools</Filter>
    </ClInclude>
    <ClInclude Include="j1PerfTimer.h">
      <Filter>Desenvolupament  ========\Tools</Filter>
    </ClInclude>
    <ClInclude Include="j1Gui.h">
      <Filter>Desenvolupament  ========\Modules</Filter>
    </ClInclude>
    <ClInclude Include="j1Fonts.h">
      <Filter>Desenvolupament  ========\Modules</Filter>
    </ClInclude>
    <ClInclude Include="MainScene.h">
      <Filter>Desenvolupament  ========\Scenes</Filter>
    </ClInclude>
    <ClInclude Include="j1Player.h">
      <Filter>Desenvolupament  ========\Modules</Filter>
    </ClInclude>
    <ClInclude Include="P_Link.h">
      <Filter>Desenvolupament  ========\L&amp;Z</Filter>
    </ClInclude>
    <ClInclude Include="P_Zelda.h">
      <Filter>Desenvolupament  ========\L&amp;Z</Filter>
    </ClInclude>
    <ClInclude Include="Character.h">
      <Filter>Desenvolupament  ========\L&amp;Z</Filter>
    </ClInclude>
    <ClInclude Include="Gui.h">
      <Filter>Desenvolupament  ========\GUI</Filter>
    </ClInclude>
    <ClInclude Include="GuiBar.h">
      <Filter>Desenvolupament  ========\GUI</Filter>
    </ClInclude>
    <ClInclude Include="GuiButton.h">
      <Filter>Desenvolupament  ========\GUI</Filter>
    </ClInclude>
    <ClInclude Include="GuiCheck.h">
      <Filter>Desenvolupament  ========\GUI</Filter>
    </ClInclude>
    <ClInclude Include="GuiImage.h">
      <Filter>Desenvolupament  ========\GUI</Filter>
    </ClInclude>
    <ClInclude Include="GuiInputText.h">
      <Filter>Desenvolupament  ========\GUI</Filter>
    </ClInclude>
    <ClInclude Include="GuiLabel.h">
      <Filter>Desenvolupament  ========\GUI</Filter>
    </ClInclude>
    <ClInclude Include="GuiScrollBar.h">
      <Filter>Desenvolupament  ========\GUI</Filter>
    </ClInclude>
    <ClInclude Include="GuiViewport.h">
      <Filter>Desenvolupament  ========\GUI</Filter>
    </ClInclude>
    <ClInclude Include="GuiWindow.h">
      <Filter>Desenvolupament  ========\GUI</Filter>
    </ClInclude>
    <ClInclude Include="Color.h">
      <Filter>Desenvolupament  ========\GUI\Color</Filter>
    </ClInclude>
    <ClInclude Include="ConsoleCommandCVar.h">
      <Filter>Desenvolupament  ========\GUI\Console</Filter>
    </ClInclude>
    <ClInclude Include="j1Console.h">
      <Filter>Desenvolupament  ========\Modules</Filter>
    </ClInclude>
    <ClInclude Include="Animation.h">
      <Filter>Desenvolupament  ========\ToCheckAnim/Fadetoblack</Filter>
    </ClInclude>
    <ClInclude Include="j1FadeToBlack.h">
      <Filter>Desenvolupament  ========\ToCheckAnim/Fadetoblack</Filter>
    </ClInclude>
    <ClInclude Include="j1Camera.h">
      <Filter>Desenvolupament  ========\Modules</Filter>
    </ClInclude>
    <ClInclude Include="j1InputManager.h">
      <Filter>Desenvolupament  ========\Modules</Filter>
    </ClInclude>
    <ClInclude Include="j1Collision.h">
      <Filter>Desenvolupament  ========\Modules</Filter>
    </ClInclude>
    <ClInclude Include="j1Object.h">
      <Filter>Desenvolupament  ========\Entity</Filter>
    </ClInclude>
    <ClInclude Include="O_Chest.h">
      <Filter>Desenvolupament  ========\Entity</Filter>
    </ClInclude>
    <ClInclude Include="O_Button.h">
      <Filter>Desenvolupament  ========\Entity</Filter>
    </ClInclude>
    <ClInclude Include="O_ChangeHeight.h">
      <Filter>Desenvolupament  ========\Entity</Filter>
    </ClInclude>
    <ClInclude Include="O_Jump.h">
      <Filter>Desenvolupament  ========\Entity</Filter>
    </ClInclude>
    <ClInclude Include="S_MainMenu.h">
      <Filter>Desenvolupament  ========\Scenes\GUI\Main Menu</Filter>
    </ClInclude>
    <ClInclude Include="j1Enemy.h">
      <Filter>Desenvolupament  ========\Entity</Filter>
    </ClInclude>
    <ClInclude Include="S_QuitGame.h">
      <Filter>Desenvolupament  ========\Scenes\GUI\Main Menu</Filter>
    </ClInclude>
    <ClInclude Include="Green_Enemy.h">
      <Filter>Desenvolupament  ========\Entity\Enemy</Filter>
    </ClInclude>
    <ClInclude Include="S_Options.h">
      <Filter>Desenvolupament  ========\Scenes\GUI\Main Menu\Options</Filter>
    </ClInclude>
    <ClInclude Include="S_OptionsAudio.h">
      <Filter>Desenvolupament  ========\Scenes\GUI\Main Menu\Options</Filter>
    </ClInclude>
    <ClInclude Include="S_OptionsControls.h">
      <Filter>Desenvolupament  ========\Scenes\GUI\Main Menu\Options</Filter>
    </ClInclude>
    <ClInclude Include="S_OptionsVideo.h">
      <Filter>Desenvolupament  ========\Scenes\GUI\Main Menu\Options</Filter>
    </ClInclude>
    <ClInclude Include="S_OptionsGameplay.h">
      <Filter>Desenvolupament  ========\Scenes\GUI\Main Menu\Options</Filter>
    </ClInclude>
    <ClInclude Include="j1HUD.h">
      <Filter>Desenvolupament  ========\Scenes\GUI\HUD</Filter>
    </ClInclude>
    <ClInclude Include="O_Door.h">
      <Filter>Desenvolupament  ========\Entity</Filter>
    </ClInclude>
    <ClInclude Include="O_Switch.h">
      <Filter>Desenvolupament  ========\Entity</Filter>
    </ClInclude>
    <ClInclude Include="O_Key.h">
      <Filter>Desenvolupament  ========\Entity</Filter>
    </ClInclude>
    <ClInclude Include="O_Boss_Key.h">
      <Filter>Desenvolupament  ========\Entity</Filter>
    </ClInclude>
    <ClInclude Include="O_Giant_Chest.h">
      <Filter>Desenvolupament  ========\Entity</Filter>
    </ClInclude>
    <ClInclude Include="O_Sign.h">
      <Filter>Desenvolupament  ========\Entity</Filter>
    </ClInclude>
    <ClInclude Include="O_Heart.h">
      <Filter>Desenvolupament  ========\Entity</Filter>
    </ClInclude>
    <ClInclude Include="O_Jar.h">
      <Filter>Desenvolupament  ========\Entity</Filter>
    </ClInclude>
    <ClInclude Include="O_Movable_BLock.h">
      <Filter>Desenvolupament  ========\Entity</Filter>
    </ClInclude>
    <ClInclude Include="S_Campaign.h">
      <Filter>Desenvolupament  ========\Scenes\GUI\Main Menu\Campain</Filter>
    </ClInclude>
    <ClInclude Include="j1GameStartMenuBack.h">
      <Filter>Desenvolupament  ========\Scenes\GUI\Main Menu</Filter>
    </ClInclude>
    <ClInclude Include="S_InGameMenu.h">
      <Filter>Desenvolupament  ========\Scenes\GUI\In-Game Menu</Filter>
    </ClInclude>
    <ClInclude Include="O_Diana.h">
      <Filter>Desenvolupament  ========\Entity</Filter>
    </ClInclude>
    <ClInclude Include="O_DoubleButton.h">
      <Filter>Desenvolupament  ========\Entity</Filter>
    </ClInclude>
    <ClInclude Include="O_Warp.h">
      <Filter>Desenvolupament  ========\Entity</Filter>
    </ClInclude>
    <ClInclude Include="S_End.h">
      <Filter>Desenvolupament  ========\Scenes</Filter>
    </ClInclude>
    <ClInclude Include="j1DialogueManager.h">
      <Filter>Desenvolupament  ========\Modules</Filter>
    </ClInclude>
    <ClInclude Include="Actions.h">
      <Filter>Desenvolupament  ========\Actions</Filter>
    </ClInclude>
    <ClInclude Include="A_Move.h">
      <Filter>Desenvolupament  ========\Actions</Filter>
    </ClInclude>
    <ClInclude Include="j1Actions.h">
      <Filter>Desenvolupament  ========\Modules</Filter>
    </ClInclude>
    <ClInclude Include="ChampionSoldier_Enemy.h">
      <Filter>Desenvolupament  ========\Entity\Enemy</Filter>
    </ClInclude>
    <ClInclude Include="HyruleBombSoldier_Enemy.h">
      <Filter>Desenvolupament  ========\Entity\Enemy</Filter>
    </ClInclude>
    <ClInclude Include="Boss.h">
      <Filter>Desenvolupament  ========\Entity\Enemy</Filter>
    </ClInclude>
    <ClInclude Include="S_Temporal_Boss_Room.h">
      <Filter>Desenvolupament  ========\Scenes</Filter>
    </ClInclude>
    <ClInclude Include="SDLQuadtree.h">
      <Filter>P2/Quadtree ===========</Filter>
    </ClInclude>
    <ClInclude Include="S_World.h">
      <Filter>Desenvolupament  ========\Scenes\Tutorial</Filter>
    </ClInclude>
    <ClInclude Include="S_ColourPuzzle.h">
      <Filter>Desenvolupament  ========\Scenes\Dungeon</Filter>
    </ClInclude>
    <ClInclude Include="O_Fall.h">
      <Filter>Desenvolupament  ========\Entity</Filter>
    </ClInclude>
    <ClInclude Include="O_ColourBlock.h">
      <Filter>Desenvolupament  ========\Entity</Filter>
    </ClInclude>
    <ClInclude Include="Statue_Enemy.h">
      <Filter>Desenvolupament  ========\Entity\Enemy</Filter>
    </ClInclude>
    <ClInclude Include="Enemy_Test_Scene.h">
      <Filter>Desenvolupament  ========\Scenes</Filter>
    </ClInclude>
    <ClInclude Include="Rope_Enemy.h">
      <Filter>Desenvolupament  ========\Entity\Enemy</Filter>
    </ClInclude>
    <ClInclude Include="Particle.h">
      <Filter>Desenvolupament  ========\Particles</Filter>
    </ClInclude>
    <ClInclude Include="Particle_Explosion.h">
      <Filter>Desenvolupament  ========\Particles</Filter>
    </ClInclude>
    <ClInclude Include="Particle_Fire.h">
      <Filter>Desenvolupament  ========\Particles</Filter>
    </ClInclude>
    <ClInclude Include="Particle_Firework.h">
      <Filter>Desenvolupament  ========\Particles</Filter>
    </ClInclude>
    <ClInclude Include="Particle_Follow.h">
      <Filter>Desenvolupament  ========\Particles</Filter>
    </ClInclude>
    <ClInclude Include="ParticleManager.h">
      <Filter>Desenvolupament  ========\Particles</Filter>
    </ClInclude>
    <ClInclude Include="S_Dungeon_Entry.h">
      <Filter>Desenvolupament  ========\Scenes\Dungeon</Filter>
    </ClInclude>
    <ClInclude Include="S_Dungeon_Right_Up.h">
      <Filter>Desenvolupament  ========\Scenes\Dungeon</Filter>
    </ClInclude>
    <ClInclude Include="S_Dungeon_Right_Down.h">
      <Filter>Desenvolupament  ========\Scenes\Dungeon</Filter>
    </ClInclude>
    <ClInclude Include="S_Dungeon_SecondFloor_Centre.h">
      <Filter>Desenvolupament  ========\Scenes\Dungeon</Filter>
    </ClInclude>
    <ClInclude Include="S_Dungeon_SecondFloor_Right.h">
      <Filter>Desenvolupament  ========\Scenes\Dungeon</Filter>
    </ClInclude>
    <ClInclude Include="SkullRopes_Enemy.h">
      <Filter>Desenvolupament  ========\Entity\Enemy</Filter>
    </ClInclude>
    <ClInclude Include="Rat_Enemy.h">
      <Filter>Desenvolupament  ========\Entity\Enemy</Filter>
    </ClInclude>
    <ClInclude Include="Bat_Enemy.h">
      <Filter>Desenvolupament  ========\Entity\Enemy</Filter>
    </ClInclude>
    <ClInclude Include="j1CutSceneManager.h">
      <Filter>Desenvolupament  ========\Modules</Filter>
    </ClInclude>
    <ClInclude Include="O_Block.h">
      <Filter>Desenvolupament  ========\Entity</Filter>
    </ClInclude>
    <ClInclude Include="O_Music.h">
      <Filter>Desenvolupament  ========\Entity</Filter>
    </ClInclude>
    <ClInclude Include="O_Bridge.h">
      <Filter>Desenvolupament  ========\Entity</Filter>
    </ClInclude>
    <ClInclude Include="S_BeforeDungeon.h">
      <Filter>Desenvolupament  ========\Scenes\Dungeon</Filter>
    </ClInclude>
    <ClInclude Include="O_HeartContainer.h">
      <Filter>Desenvolupament  ========\Entity</Filter>
    </ClInclude>
    <ClInclude Include="S_Credits.h">
      <Filter>Desenvolupament  ========\Scenes\GUI\Main Menu\Credits</Filter>
    </ClInclude>
    <ClInclude Include="O_Bush.h">
      <Filter>Desenvolupament  ========\Entity</Filter>
    </ClInclude>
    <ClInclude Include="S_SecretExit.h">
      <Filter>Desenvolupament  ========\Scenes\World</Filter>
    </ClInclude>
    <ClInclude Include="S_Village.h">
      <Filter>Desenvolupament  ========\Scenes\World</Filter>
    </ClInclude>
    <ClInclude Include="S_Forest.h">
      <Filter>Desenvolupament  ========\Scenes\World</Filter>
    </ClInclude>
    <ClInclude Include="Video.h">
      <Filter>Desenvolupament  ========\Modules\Video</Filter>
    </ClInclude>
    <ClInclude Include="theoraplay.h">
      <Filter>Desenvolupament  ========\Modules\Video</Filter>
    </ClInclude>
    <ClInclude Include="S_VideoIntro.h">
      <Filter>Desenvolupament  ========\Scenes\Video Intro</Filter>
    </ClInclude>
    <ClInclude Include="S_House_1.h">
      <Filter>Desenvolupament  ========\Scenes\Houses</Filter>
    </ClInclude>
    <ClInclude Include="S_House_2.h">
      <Filter>Desenvolupament  ========\Scenes\Houses</Filter>
    </ClInclude>
    <ClInclude Include="S_House_3.h">
      <Filter>Desenvolupament  ========\Scenes\Houses</Filter>
    </ClInclude>
    <ClInclude Include="S_Ric_House.h">
      <Filter>Desenvolupament  ========\Scenes\Houses</Filter>
    </ClInclude>
    <ClInclude Include="S_CastleCutScene.h">
      <Filter>Desenvolupament  ========\Scenes</Filter>
    </ClInclude>
  </ItemGroup>
  <ItemGroup>
    <Filter Include="Desenvolupament  ========">
      <UniqueIdentifier>{cb944693-b9d0-484c-bad2-02d5a7cdbec6}</UniqueIdentifier>
    </Filter>
    <Filter Include="Desenvolupament  ========\Tools">
      <UniqueIdentifier>{42c748be-4a37-49de-970f-5be811d06b38}</UniqueIdentifier>
    </Filter>
    <Filter Include="Desenvolupament  ========\Scenes">
      <UniqueIdentifier>{e07660eb-d36f-4cc9-af59-324d31c2f2f6}</UniqueIdentifier>
    </Filter>
    <Filter Include="Desenvolupament  ========\Modules">
      <UniqueIdentifier>{244722d1-90ce-423d-8e7a-556211865a32}</UniqueIdentifier>
    </Filter>
    <Filter Include="Desenvolupament  ========\Tools\PuguiXML">
      <UniqueIdentifier>{7cb78d67-17cc-45eb-af97-e2106becce7b}</UniqueIdentifier>
    </Filter>
    <Filter Include="Desenvolupament  ========\GUI">
      <UniqueIdentifier>{00bcdf2c-47ca-474d-b3b6-127e9e55d824}</UniqueIdentifier>
    </Filter>
    <Filter Include="Desenvolupament  ========\L&amp;Z">
      <UniqueIdentifier>{33e19344-f2d6-440f-8d50-b4608a70dfad}</UniqueIdentifier>
    </Filter>
    <Filter Include="Desenvolupament  ========\GUI\Color">
      <UniqueIdentifier>{2794866d-c70e-452d-912a-4205847d6b93}</UniqueIdentifier>
    </Filter>
    <Filter Include="Desenvolupament  ========\GUI\Console">
      <UniqueIdentifier>{af4f0ae9-3681-43eb-8ec7-2be05e72e83a}</UniqueIdentifier>
    </Filter>
    <Filter Include="Desenvolupament  ========\XMLs">
      <UniqueIdentifier>{dc928407-499c-48da-a938-1574d24d0bfd}</UniqueIdentifier>
    </Filter>
    <Filter Include="Desenvolupament  ========\ToCheckAnim/Fadetoblack">
      <UniqueIdentifier>{1837afc0-3463-4a37-b91a-09fd84d84640}</UniqueIdentifier>
    </Filter>
    <Filter Include="Desenvolupament  ========\Entity">
      <UniqueIdentifier>{ffc50d08-487a-4cf4-8483-bd4795b55643}</UniqueIdentifier>
    </Filter>
    <Filter Include="Desenvolupament  ========\Entity\Enemy">
      <UniqueIdentifier>{33648bbf-a353-47e1-8e95-171863323af9}</UniqueIdentifier>
    </Filter>
    <Filter Include="Desenvolupament  ========\Scenes\GUI">
      <UniqueIdentifier>{e60b1aa9-8e53-44b1-bc0f-ca7d9a5a2f74}</UniqueIdentifier>
    </Filter>
    <Filter Include="Desenvolupament  ========\Scenes\GUI\Main Menu">
      <UniqueIdentifier>{04365003-7c1f-4107-958e-d4f404dc3f3f}</UniqueIdentifier>
    </Filter>
    <Filter Include="Desenvolupament  ========\Scenes\GUI\Main Menu\Campain">
      <UniqueIdentifier>{cd3d3ce3-ae42-44eb-9adb-389a6de59247}</UniqueIdentifier>
    </Filter>
    <Filter Include="Desenvolupament  ========\Scenes\GUI\Main Menu\Options">
      <UniqueIdentifier>{324adfd0-b4e4-4276-ba92-c536a7e1f597}</UniqueIdentifier>
    </Filter>
    <Filter Include="Desenvolupament  ========\Scenes\GUI\HUD">
      <UniqueIdentifier>{4a064ef6-d258-4860-8985-2f4273a7d8de}</UniqueIdentifier>
    </Filter>
    <Filter Include="Desenvolupament  ========\Scenes\GUI\In-Game Menu">
      <UniqueIdentifier>{581fd1ba-2738-4e32-aed6-82e3c72b999d}</UniqueIdentifier>
    </Filter>
    <Filter Include="Desenvolupament  ========\Actions">
      <UniqueIdentifier>{6ae459b6-6fb4-440b-8eb3-9dc70e3048a6}</UniqueIdentifier>
    </Filter>
    <Filter Include="P2/Quadtree ===========">
      <UniqueIdentifier>{a8bfab6a-5472-4969-943e-861a8b493f08}</UniqueIdentifier>
    </Filter>
    <Filter Include="Desenvolupament  ========\Scenes\Dungeon">
      <UniqueIdentifier>{b010b282-f775-47fd-9766-39b558bcb43d}</UniqueIdentifier>
    </Filter>
    <Filter Include="Desenvolupament  ========\Scenes\Tutorial">
      <UniqueIdentifier>{c3f11ebf-a1bf-4cfe-8b27-ebfad380564e}</UniqueIdentifier>
    </Filter>
    <Filter Include="Desenvolupament  ========\Particles">
      <UniqueIdentifier>{ec65069d-70a3-402b-b30c-a99d1da87ae5}</UniqueIdentifier>
    </Filter>
    <Filter Include="Desenvolupament  ========\Scenes\GUI\Main Menu\Credits">
      <UniqueIdentifier>{691592b1-3ae4-4963-9a66-803bf5ec3214}</UniqueIdentifier>
    </Filter>
    <Filter Include="Desenvolupament  ========\Scenes\World">
      <UniqueIdentifier>{6ddf1a63-ba02-40d5-a3ba-000c5d033270}</UniqueIdentifier>
    </Filter>
    <Filter Include="Desenvolupament  ========\Modules\Video">
      <UniqueIdentifier>{1caa68f5-2164-49ab-9bcd-7c772d4308f8}</UniqueIdentifier>
    </Filter>
    <Filter Include="Desenvolupament  ========\Scenes\Video Intro">
      <UniqueIdentifier>{a588e853-cb63-4236-9f9a-010c75e33ffb}</UniqueIdentifier>
    </Filter>
    <Filter Include="Desenvolupament  ========\Scenes\Houses">
      <UniqueIdentifier>{a8968255-4cd2-4515-b855-88656ac06b37}</UniqueIdentifier>
    </Filter>
  </ItemGroup>
  <ItemGroup>
    <Xml Include="..\Game\config.xml">
      <Filter>Desenvolupament  ========\XMLs</Filter>
    </Xml>
  </ItemGroup>
</Project>